// !$*UTF8*$!
{
	archiveVersion = 1;
	classes = {
	};
	objectVersion = 46;
	objects = {

/* Begin PBXBuildFile section */
		C96F0D6A18242313000BADE3 /* Foundation.framework in Frameworks */ = {isa = PBXBuildFile; fileRef = C96F0D6918242313000BADE3 /* Foundation.framework */; };
		C96F0D6C18242313000BADE3 /* CoreGraphics.framework in Frameworks */ = {isa = PBXBuildFile; fileRef = C96F0D6B18242313000BADE3 /* CoreGraphics.framework */; };
		C96F0D6E18242313000BADE3 /* UIKit.framework in Frameworks */ = {isa = PBXBuildFile; fileRef = C96F0D6D18242313000BADE3 /* UIKit.framework */; };
		C96F0D7018242313000BADE3 /* CoreData.framework in Frameworks */ = {isa = PBXBuildFile; fileRef = C96F0D6F18242313000BADE3 /* CoreData.framework */; };
		C96F0D7618242313000BADE3 /* InfoPlist.strings in Resources */ = {isa = PBXBuildFile; fileRef = C96F0D7418242313000BADE3 /* InfoPlist.strings */; };
		C96F0D7818242313000BADE3 /* main.m in Sources */ = {isa = PBXBuildFile; fileRef = C96F0D7718242313000BADE3 /* main.m */; };
		C96F0D7C18242313000BADE3 /* FBCDAppDelegate.m in Sources */ = {isa = PBXBuildFile; fileRef = C96F0D7B18242313000BADE3 /* FBCDAppDelegate.m */; };
		C96F0D7F18242313000BADE3 /* Main.storyboard in Resources */ = {isa = PBXBuildFile; fileRef = C96F0D7D18242313000BADE3 /* Main.storyboard */; };
		C96F0D8218242313000BADE3 /* FailedBankCD.xcdatamodeld in Sources */ = {isa = PBXBuildFile; fileRef = C96F0D8018242313000BADE3 /* FailedBankCD.xcdatamodeld */; };
		C96F0D8A18242313000BADE3 /* Images.xcassets in Resources */ = {isa = PBXBuildFile; fileRef = C96F0D8918242313000BADE3 /* Images.xcassets */; };
		C96F0D9118242313000BADE3 /* XCTest.framework in Frameworks */ = {isa = PBXBuildFile; fileRef = C96F0D9018242313000BADE3 /* XCTest.framework */; };
		C96F0D9218242313000BADE3 /* Foundation.framework in Frameworks */ = {isa = PBXBuildFile; fileRef = C96F0D6918242313000BADE3 /* Foundation.framework */; };
		C96F0D9318242313000BADE3 /* UIKit.framework in Frameworks */ = {isa = PBXBuildFile; fileRef = C96F0D6D18242313000BADE3 /* UIKit.framework */; };
		C96F0D9418242313000BADE3 /* CoreData.framework in Frameworks */ = {isa = PBXBuildFile; fileRef = C96F0D6F18242313000BADE3 /* CoreData.framework */; };
		C96F0D9C18242313000BADE3 /* InfoPlist.strings in Resources */ = {isa = PBXBuildFile; fileRef = C96F0D9A18242313000BADE3 /* InfoPlist.strings */; };
		C96F0D9E18242313000BADE3 /* FailedBankCDTests.m in Sources */ = {isa = PBXBuildFile; fileRef = C96F0D9D18242313000BADE3 /* FailedBankCDTests.m */; };
		C96F0DA91824235D000BADE3 /* FBCDMasterViewController.m in Sources */ = {isa = PBXBuildFile; fileRef = C96F0DA81824235D000BADE3 /* FBCDMasterViewController.m */; };
		C96F0DB218242810000BADE3 /* FailedBankInfo.m in Sources */ = {isa = PBXBuildFile; fileRef = C96F0DB118242810000BADE3 /* FailedBankInfo.m */; };
		C96F0DB518242810000BADE3 /* FailedBankDetails.m in Sources */ = {isa = PBXBuildFile; fileRef = C96F0DB418242810000BADE3 /* FailedBankDetails.m */; };
/* End PBXBuildFile section */

/* Begin PBXContainerItemProxy section */
		C96F0D9518242313000BADE3 /* PBXContainerItemProxy */ = {
			isa = PBXContainerItemProxy;
			containerPortal = C96F0D5E18242313000BADE3 /* Project object */;
			proxyType = 1;
			remoteGlobalIDString = C96F0D6518242313000BADE3;
			remoteInfo = FailedBankCD;
		};
/* End PBXContainerItemProxy section */

/* Begin PBXFileReference section */
		C96F0D6618242313000BADE3 /* FailedBankCD.app */ = {isa = PBXFileReference; explicitFileType = wrapper.application; includeInIndex = 0; path = FailedBankCD.app; sourceTree = BUILT_PRODUCTS_DIR; };
		C96F0D6918242313000BADE3 /* Foundation.framework */ = {isa = PBXFileReference; lastKnownFileType = wrapper.framework; name = Foundation.framework; path = System/Library/Frameworks/Foundation.framework; sourceTree = SDKROOT; };
		C96F0D6B18242313000BADE3 /* CoreGraphics.framework */ = {isa = PBXFileReference; lastKnownFileType = wrapper.framework; name = CoreGraphics.framework; path = System/Library/Frameworks/CoreGraphics.framework; sourceTree = SDKROOT; };
		C96F0D6D18242313000BADE3 /* UIKit.framework */ = {isa = PBXFileReference; lastKnownFileType = wrapper.framework; name = UIKit.framework; path = System/Library/Frameworks/UIKit.framework; sourceTree = SDKROOT; };
		C96F0D6F18242313000BADE3 /* CoreData.framework */ = {isa = PBXFileReference; lastKnownFileType = wrapper.framework; name = CoreData.framework; path = System/Library/Frameworks/CoreData.framework; sourceTree = SDKROOT; };
		C96F0D7318242313000BADE3 /* FailedBankCD-Info.plist */ = {isa = PBXFileReference; lastKnownFileType = text.plist.xml; path = "FailedBankCD-Info.plist"; sourceTree = "<group>"; };
		C96F0D7518242313000BADE3 /* en */ = {isa = PBXFileReference; lastKnownFileType = text.plist.strings; name = en; path = en.lproj/InfoPlist.strings; sourceTree = "<group>"; };
		C96F0D7718242313000BADE3 /* main.m */ = {isa = PBXFileReference; lastKnownFileType = sourcecode.c.objc; path = main.m; sourceTree = "<group>"; };
		C96F0D7918242313000BADE3 /* FailedBankCD-Prefix.pch */ = {isa = PBXFileReference; lastKnownFileType = sourcecode.c.h; path = "FailedBankCD-Prefix.pch"; sourceTree = "<group>"; };
		C96F0D7A18242313000BADE3 /* FBCDAppDelegate.h */ = {isa = PBXFileReference; lastKnownFileType = sourcecode.c.h; path = FBCDAppDelegate.h; sourceTree = "<group>"; };
		C96F0D7B18242313000BADE3 /* FBCDAppDelegate.m */ = {isa = PBXFileReference; lastKnownFileType = sourcecode.c.objc; path = FBCDAppDelegate.m; sourceTree = "<group>"; };
		C96F0D7E18242313000BADE3 /* Base */ = {isa = PBXFileReference; lastKnownFileType = file.storyboard; name = Base; path = Base.lproj/Main.storyboard; sourceTree = "<group>"; };
		C96F0D8118242313000BADE3 /* FailedBankCD.xcdatamodel */ = {isa = PBXFileReference; lastKnownFileType = wrapper.xcdatamodel; path = FailedBankCD.xcdatamodel; sourceTree = "<group>"; };
		C96F0D8918242313000BADE3 /* Images.xcassets */ = {isa = PBXFileReference; lastKnownFileType = folder.assetcatalog; path = Images.xcassets; sourceTree = "<group>"; };
		C96F0D8F18242313000BADE3 /* FailedBankCDTests.xctest */ = {isa = PBXFileReference; explicitFileType = wrapper.cfbundle; includeInIndex = 0; path = FailedBankCDTests.xctest; sourceTree = BUILT_PRODUCTS_DIR; };
		C96F0D9018242313000BADE3 /* XCTest.framework */ = {isa = PBXFileReference; lastKnownFileType = wrapper.framework; name = XCTest.framework; path = Library/Frameworks/XCTest.framework; sourceTree = DEVELOPER_DIR; };
		C96F0D9918242313000BADE3 /* FailedBankCDTests-Info.plist */ = {isa = PBXFileReference; lastKnownFileType = text.plist.xml; path = "FailedBankCDTests-Info.plist"; sourceTree = "<group>"; };
		C96F0D9B18242313000BADE3 /* en */ = {isa = PBXFileReference; lastKnownFileType = text.plist.strings; name = en; path = en.lproj/InfoPlist.strings; sourceTree = "<group>"; };
		C96F0D9D18242313000BADE3 /* FailedBankCDTests.m */ = {isa = PBXFileReference; lastKnownFileType = sourcecode.c.objc; path = FailedBankCDTests.m; sourceTree = "<group>"; };
		C96F0DA71824235D000BADE3 /* FBCDMasterViewController.h */ = {isa = PBXFileReference; fileEncoding = 4; lastKnownFileType = sourcecode.c.h; name = FBCDMasterViewController.h; path = ../FBCDMasterViewController.h; sourceTree = "<group>"; };
		C96F0DA81824235D000BADE3 /* FBCDMasterViewController.m */ = {isa = PBXFileReference; fileEncoding = 4; lastKnownFileType = sourcecode.c.objc; name = FBCDMasterViewController.m; path = ../FBCDMasterViewController.m; sourceTree = "<group>"; };
		C96F0DB018242810000BADE3 /* FailedBankInfo.h */ = {isa = PBXFileReference; fileEncoding = 4; lastKnownFileType = sourcecode.c.h; path = FailedBankInfo.h; sourceTree = "<group>"; };
		C96F0DB118242810000BADE3 /* FailedBankInfo.m */ = {isa = PBXFileReference; fileEncoding = 4; lastKnownFileType = sourcecode.c.objc; path = FailedBankInfo.m; sourceTree = "<group>"; };
		C96F0DB318242810000BADE3 /* FailedBankDetails.h */ = {isa = PBXFileReference; fileEncoding = 4; lastKnownFileType = sourcecode.c.h; path = FailedBankDetails.h; sourceTree = "<group>"; };
		C96F0DB418242810000BADE3 /* FailedBankDetails.m */ = {isa = PBXFileReference; fileEncoding = 4; lastKnownFileType = sourcecode.c.objc; path = FailedBankDetails.m; sourceTree = "<group>"; };
/* End PBXFileReference section */

/* Begin PBXFrameworksBuildPhase section */
		C96F0D6318242313000BADE3 /* Frameworks */ = {
			isa = PBXFrameworksBuildPhase;
			buildActionMask = 2147483647;
			files = (
				C96F0D6C18242313000BADE3 /* CoreGraphics.framework in Frameworks */,
				C96F0D7018242313000BADE3 /* CoreData.framework in Frameworks */,
				C96F0D6E18242313000BADE3 /* UIKit.framework in Frameworks */,
				C96F0D6A18242313000BADE3 /* Foundation.framework in Frameworks */,
			);
			runOnlyForDeploymentPostprocessing = 0;
		};
		C96F0D8C18242313000BADE3 /* Frameworks */ = {
			isa = PBXFrameworksBuildPhase;
			buildActionMask = 2147483647;
			files = (
				C96F0D9118242313000BADE3 /* XCTest.framework in Frameworks */,
				C96F0D9418242313000BADE3 /* CoreData.framework in Frameworks */,
				C96F0D9318242313000BADE3 /* UIKit.framework in Frameworks */,
				C96F0D9218242313000BADE3 /* Foundation.framework in Frameworks */,
			);
			runOnlyForDeploymentPostprocessing = 0;
		};
/* End PBXFrameworksBuildPhase section */

/* Begin PBXGroup section */
		C96F0D5D18242313000BADE3 = {
			isa = PBXGroup;
			children = (
				C96F0D7118242313000BADE3 /* FailedBankCD */,
				C96F0D9718242313000BADE3 /* FailedBankCDTests */,
				C96F0D6818242313000BADE3 /* Frameworks */,
				C96F0D6718242313000BADE3 /* Products */,
			);
			sourceTree = "<group>";
		};
		C96F0D6718242313000BADE3 /* Products */ = {
			isa = PBXGroup;
			children = (
				C96F0D6618242313000BADE3 /* FailedBankCD.app */,
				C96F0D8F18242313000BADE3 /* FailedBankCDTests.xctest */,
			);
			name = Products;
			sourceTree = "<group>";
		};
		C96F0D6818242313000BADE3 /* Frameworks */ = {
			isa = PBXGroup;
			children = (
				C96F0D6918242313000BADE3 /* Foundation.framework */,
				C96F0D6B18242313000BADE3 /* CoreGraphics.framework */,
				C96F0D6D18242313000BADE3 /* UIKit.framework */,
				C96F0D6F18242313000BADE3 /* CoreData.framework */,
				C96F0D9018242313000BADE3 /* XCTest.framework */,
			);
			name = Frameworks;
			sourceTree = "<group>";
		};
		C96F0D7118242313000BADE3 /* FailedBankCD */ = {
			isa = PBXGroup;
			children = (
				C96F0DA71824235D000BADE3 /* FBCDMasterViewController.h */,
				C96F0DA81824235D000BADE3 /* FBCDMasterViewController.m */,
				C96F0D7A18242313000BADE3 /* FBCDAppDelegate.h */,
				C96F0D7B18242313000BADE3 /* FBCDAppDelegate.m */,
				C96F0D7D18242313000BADE3 /* Main.storyboard */,
				C96F0D8918242313000BADE3 /* Images.xcassets */,
				C96F0D8018242313000BADE3 /* FailedBankCD.xcdatamodeld */,
				C96F0DB318242810000BADE3 /* FailedBankDetails.h */,
				C96F0DB418242810000BADE3 /* FailedBankDetails.m */,
				C96F0DB018242810000BADE3 /* FailedBankInfo.h */,
				C96F0DB118242810000BADE3 /* FailedBankInfo.m */,
				C96F0D7218242313000BADE3 /* Supporting Files */,
			);
			path = FailedBankCD;
			sourceTree = "<group>";
		};
		C96F0D7218242313000BADE3 /* Supporting Files */ = {
			isa = PBXGroup;
			children = (
				C96F0D7318242313000BADE3 /* FailedBankCD-Info.plist */,
				C96F0D7418242313000BADE3 /* InfoPlist.strings */,
				C96F0D7718242313000BADE3 /* main.m */,
				C96F0D7918242313000BADE3 /* FailedBankCD-Prefix.pch */,
			);
			name = "Supporting Files";
			sourceTree = "<group>";
		};
		C96F0D9718242313000BADE3 /* FailedBankCDTests */ = {
			isa = PBXGroup;
			children = (
				C96F0D9D18242313000BADE3 /* FailedBankCDTests.m */,
				C96F0D9818242313000BADE3 /* Supporting Files */,
			);
			path = FailedBankCDTests;
			sourceTree = "<group>";
		};
		C96F0D9818242313000BADE3 /* Supporting Files */ = {
			isa = PBXGroup;
			children = (
				C96F0D9918242313000BADE3 /* FailedBankCDTests-Info.plist */,
				C96F0D9A18242313000BADE3 /* InfoPlist.strings */,
			);
			name = "Supporting Files";
			sourceTree = "<group>";
		};
/* End PBXGroup section */

/* Begin PBXNativeTarget section */
		C96F0D6518242313000BADE3 /* FailedBankCD */ = {
			isa = PBXNativeTarget;
			buildConfigurationList = C96F0DA118242313000BADE3 /* Build configuration list for PBXNativeTarget "FailedBankCD" */;
			buildPhases = (
				C96F0D6218242313000BADE3 /* Sources */,
				C96F0D6318242313000BADE3 /* Frameworks */,
				C96F0D6418242313000BADE3 /* Resources */,
			);
			buildRules = (
			);
			dependencies = (
			);
			name = FailedBankCD;
			productName = FailedBankCD;
			productReference = C96F0D6618242313000BADE3 /* FailedBankCD.app */;
			productType = "com.apple.product-type.application";
		};
		C96F0D8E18242313000BADE3 /* FailedBankCDTests */ = {
			isa = PBXNativeTarget;
			buildConfigurationList = C96F0DA418242313000BADE3 /* Build configuration list for PBXNativeTarget "FailedBankCDTests" */;
			buildPhases = (
				C96F0D8B18242313000BADE3 /* Sources */,
				C96F0D8C18242313000BADE3 /* Frameworks */,
				C96F0D8D18242313000BADE3 /* Resources */,
			);
			buildRules = (
			);
			dependencies = (
				C96F0D9618242313000BADE3 /* PBXTargetDependency */,
			);
			name = FailedBankCDTests;
			productName = FailedBankCDTests;
			productReference = C96F0D8F18242313000BADE3 /* FailedBankCDTests.xctest */;
			productType = "com.apple.product-type.bundle.unit-test";
		};
/* End PBXNativeTarget section */

/* Begin PBXProject section */
		C96F0D5E18242313000BADE3 /* Project object */ = {
			isa = PBXProject;
			attributes = {
				CLASSPREFIX = FBCD;
				LastUpgradeCheck = 0500;
				ORGANIZATIONNAME = "Timothy Dooris";
				TargetAttributes = {
					C96F0D8E18242313000BADE3 = {
						TestTargetID = C96F0D6518242313000BADE3;
					};
				};
			};
			buildConfigurationList = C96F0D6118242313000BADE3 /* Build configuration list for PBXProject "FailedBankCD" */;
			compatibilityVersion = "Xcode 3.2";
			developmentRegion = English;
			hasScannedForEncodings = 0;
			knownRegions = (
				en,
				Base,
			);
			mainGroup = C96F0D5D18242313000BADE3;
			productRefGroup = C96F0D6718242313000BADE3 /* Products */;
			projectDirPath = "";
			projectRoot = "";
			targets = (
				C96F0D6518242313000BADE3 /* FailedBankCD */,
				C96F0D8E18242313000BADE3 /* FailedBankCDTests */,
			);
		};
/* End PBXProject section */

/* Begin PBXResourcesBuildPhase section */
		C96F0D6418242313000BADE3 /* Resources */ = {
			isa = PBXResourcesBuildPhase;
			buildActionMask = 2147483647;
			files = (
				C96F0D8A18242313000BADE3 /* Images.xcassets in Resources */,
				C96F0D7618242313000BADE3 /* InfoPlist.strings in Resources */,
				C96F0D7F18242313000BADE3 /* Main.storyboard in Resources */,
			);
			runOnlyForDeploymentPostprocessing = 0;
		};
		C96F0D8D18242313000BADE3 /* Resources */ = {
			isa = PBXResourcesBuildPhase;
			buildActionMask = 2147483647;
			files = (
				C96F0D9C18242313000BADE3 /* InfoPlist.strings in Resources */,
			);
			runOnlyForDeploymentPostprocessing = 0;
		};
/* End PBXResourcesBuildPhase section */

/* Begin PBXSourcesBuildPhase section */
		C96F0D6218242313000BADE3 /* Sources */ = {
			isa = PBXSourcesBuildPhase;
			buildActionMask = 2147483647;
			files = (
				C96F0D8218242313000BADE3 /* FailedBankCD.xcdatamodeld in Sources */,
				C96F0DB518242810000BADE3 /* FailedBankDetails.m in Sources */,
				C96F0D7818242313000BADE3 /* main.m in Sources */,
				C96F0D7C18242313000BADE3 /* FBCDAppDelegate.m in Sources */,
				C96F0DB218242810000BADE3 /* FailedBankInfo.m in Sources */,
				C96F0DA91824235D000BADE3 /* FBCDMasterViewController.m in Sources */,
			);
			runOnlyForDeploymentPostprocessing = 0;
		};
		C96F0D8B18242313000BADE3 /* Sources */ = {
			isa = PBXSourcesBuildPhase;
			buildActionMask = 2147483647;
			files = (
				C96F0D9E18242313000BADE3 /* FailedBankCDTests.m in Sources */,
			);
			runOnlyForDeploymentPostprocessing = 0;
		};
/* End PBXSourcesBuildPhase section */

/* Begin PBXTargetDependency section */
		C96F0D9618242313000BADE3 /* PBXTargetDependency */ = {
			isa = PBXTargetDependency;
			target = C96F0D6518242313000BADE3 /* FailedBankCD */;
			targetProxy = C96F0D9518242313000BADE3 /* PBXContainerItemProxy */;
		};
/* End PBXTargetDependency section */

/* Begin PBXVariantGroup section */
		C96F0D7418242313000BADE3 /* InfoPlist.strings */ = {
			isa = PBXVariantGroup;
			children = (
				C96F0D7518242313000BADE3 /* en */,
			);
			name = InfoPlist.strings;
			sourceTree = "<group>";
		};
		C96F0D7D18242313000BADE3 /* Main.storyboard */ = {
			isa = PBXVariantGroup;
			children = (
				C96F0D7E18242313000BADE3 /* Base */,
			);
			name = Main.storyboard;
			sourceTree = "<group>";
		};
		C96F0D9A18242313000BADE3 /* InfoPlist.strings */ = {
			isa = PBXVariantGroup;
			children = (
				C96F0D9B18242313000BADE3 /* en */,
			);
			name = InfoPlist.strings;
			sourceTree = "<group>";
		};
/* End PBXVariantGroup section */

/* Begin XCBuildConfiguration section */
		C96F0D9F18242313000BADE3 /* Debug */ = {
			isa = XCBuildConfiguration;
			buildSettings = {
				ALWAYS_SEARCH_USER_PATHS = NO;
				ARCHS = "$(ARCHS_STANDARD_INCLUDING_64_BIT)";
				CLANG_CXX_LANGUAGE_STANDARD = "gnu++0x";
				CLANG_CXX_LIBRARY = "libc++";
				CLANG_ENABLE_MODULES = YES;
				CLANG_ENABLE_OBJC_ARC = YES;
				CLANG_WARN_BOOL_CONVERSION = YES;
				CLANG_WARN_CONSTANT_CONVERSION = YES;
				CLANG_WARN_DIRECT_OBJC_ISA_USAGE = YES_ERROR;
				CLANG_WARN_EMPTY_BODY = YES;
				CLANG_WARN_ENUM_CONVERSION = YES;
				CLANG_WARN_INT_CONVERSION = YES;
				CLANG_WARN_OBJC_ROOT_CLASS = YES_ERROR;
				CLANG_WARN__DUPLICATE_METHOD_MATCH = YES;
				"CODE_SIGN_IDENTITY[sdk=iphoneos*]" = "iPhone Developer";
				COPY_PHASE_STRIP = NO;
				GCC_C_LANGUAGE_STANDARD = gnu99;
				GCC_DYNAMIC_NO_PIC = NO;
				GCC_OPTIMIZATION_LEVEL = 0;
				GCC_PREPROCESSOR_DEFINITIONS = (
					"DEBUG=1",
					"$(inherited)",
				);
				GCC_SYMBOLS_PRIVATE_EXTERN = NO;
				GCC_WARN_64_TO_32_BIT_CONVERSION = YES;
				GCC_WARN_ABOUT_RETURN_TYPE = YES_ERROR;
				GCC_WARN_UNDECLARED_SELECTOR = YES;
				GCC_WARN_UNINITIALIZED_AUTOS = YES;
				GCC_WARN_UNUSED_FUNCTION = YES;
				GCC_WARN_UNUSED_VARIABLE = YES;
				IPHONEOS_DEPLOYMENT_TARGET = 7.0;
				ONLY_ACTIVE_ARCH = YES;
				SDKROOT = iphoneos;
			};
			name = Debug;
		};
		C96F0DA018242313000BADE3 /* Release */ = {
			isa = XCBuildConfiguration;
			buildSettings = {
				ALWAYS_SEARCH_USER_PATHS = NO;
				ARCHS = "$(ARCHS_STANDARD_INCLUDING_64_BIT)";
				CLANG_CXX_LANGUAGE_STANDARD = "gnu++0x";
				CLANG_CXX_LIBRARY = "libc++";
				CLANG_ENABLE_MODULES = YES;
				CLANG_ENABLE_OBJC_ARC = YES;
				CLANG_WARN_BOOL_CONVERSION = YES;
				CLANG_WARN_CONSTANT_CONVERSION = YES;
				CLANG_WARN_DIRECT_OBJC_ISA_USAGE = YES_ERROR;
				CLANG_WARN_EMPTY_BODY = YES;
				CLANG_WARN_ENUM_CONVERSION = YES;
				CLANG_WARN_INT_CONVERSION = YES;
				CLANG_WARN_OBJC_ROOT_CLASS = YES_ERROR;
				CLANG_WARN__DUPLICATE_METHOD_MATCH = YES;
				"CODE_SIGN_IDENTITY[sdk=iphoneos*]" = "iPhone Developer";
				COPY_PHASE_STRIP = YES;
				ENABLE_NS_ASSERTIONS = NO;
				GCC_C_LANGUAGE_STANDARD = gnu99;
				GCC_WARN_64_TO_32_BIT_CONVERSION = YES;
				GCC_WARN_ABOUT_RETURN_TYPE = YES_ERROR;
				GCC_WARN_UNDECLARED_SELECTOR = YES;
				GCC_WARN_UNINITIALIZED_AUTOS = YES;
				GCC_WARN_UNUSED_FUNCTION = YES;
				GCC_WARN_UNUSED_VARIABLE = YES;
				IPHONEOS_DEPLOYMENT_TARGET = 7.0;
				SDKROOT = iphoneos;
				VALIDATE_PRODUCT = YES;
			};
			name = Release;
		};
		C96F0DA218242313000BADE3 /* Debug */ = {
			isa = XCBuildConfiguration;
			buildSettings = {
				ASSETCATALOG_COMPILER_APPICON_NAME = AppIcon;
				ASSETCATALOG_COMPILER_LAUNCHIMAGE_NAME = LaunchImage;
				GCC_PRECOMPILE_PREFIX_HEADER = YES;
				GCC_PREFIX_HEADER = "FailedBankCD/FailedBankCD-Prefix.pch";
				INFOPLIST_FILE = "FailedBankCD/FailedBankCD-Info.plist";
				PRODUCT_NAME = "$(TARGET_NAME)";
				WRAPPER_EXTENSION = app;
			};
			name = Debug;
		};
		C96F0DA318242313000BADE3 /* Release */ = {
			isa = XCBuildConfiguration;
			buildSettings = {
				ASSETCATALOG_COMPILER_APPICON_NAME = AppIcon;
				ASSETCATALOG_COMPILER_LAUNCHIMAGE_NAME = LaunchImage;
				GCC_PRECOMPILE_PREFIX_HEADER = YES;
				GCC_PREFIX_HEADER = "FailedBankCD/FailedBankCD-Prefix.pch";
				INFOPLIST_FILE = "FailedBankCD/FailedBankCD-Info.plist";
				PRODUCT_NAME = "$(TARGET_NAME)";
				WRAPPER_EXTENSION = app;
			};
			name = Release;
		};
		C96F0DA518242313000BADE3 /* Debug */ = {
			isa = XCBuildConfiguration;
			buildSettings = {
				ARCHS = "$(ARCHS_STANDARD_INCLUDING_64_BIT)";
				BUNDLE_LOADER = "$(BUILT_PRODUCTS_DIR)/FailedBankCD.app/FailedBankCD";
				FRAMEWORK_SEARCH_PATHS = (
					"$(SDKROOT)/Developer/Library/Frameworks",
					"$(inherited)",
					"$(DEVELOPER_FRAMEWORKS_DIR)",
				);
				GCC_PRECOMPILE_PREFIX_HEADER = YES;
				GCC_PREFIX_HEADER = "FailedBankCD/FailedBankCD-Prefix.pch";
				GCC_PREPROCESSOR_DEFINITIONS = (
					"DEBUG=1",
					"$(inherited)",
				);
				INFOPLIST_FILE = "FailedBankCDTests/FailedBankCDTests-Info.plist";
				PRODUCT_NAME = "$(TARGET_NAME)";
				TEST_HOST = "$(BUNDLE_LOADER)";
				WRAPPER_EXTENSION = xctest;
			};
			name = Debug;
		};
		C96F0DA618242313000BADE3 /* Release */ = {
			isa = XCBuildConfiguration;
			buildSettings = {
				ARCHS = "$(ARCHS_STANDARD_INCLUDING_64_BIT)";
				BUNDLE_LOADER = "$(BUILT_PRODUCTS_DIR)/FailedBankCD.app/FailedBankCD";
				FRAMEWORK_SEARCH_PATHS = (
					"$(SDKROOT)/Developer/Library/Frameworks",
					"$(inherited)",
					"$(DEVELOPER_FRAMEWORKS_DIR)",
				);
				GCC_PRECOMPILE_PREFIX_HEADER = YES;
				GCC_PREFIX_HEADER = "FailedBankCD/FailedBankCD-Prefix.pch";
				INFOPLIST_FILE = "FailedBankCDTests/FailedBankCDTests-Info.plist";
				PRODUCT_NAME = "$(TARGET_NAME)";
				TEST_HOST = "$(BUNDLE_LOADER)";
				WRAPPER_EXTENSION = xctest;
			};
			name = Release;
		};
/* End XCBuildConfiguration section */

/* Begin XCConfigurationList section */
		C96F0D6118242313000BADE3 /* Build configuration list for PBXProject "FailedBankCD" */ = {
			isa = XCConfigurationList;
			buildConfigurations = (
				C96F0D9F18242313000BADE3 /* Debug */,
				C96F0DA018242313000BADE3 /* Release */,
			);
			defaultConfigurationIsVisible = 0;
			defaultConfigurationName = Release;
		};
		C96F0DA118242313000BADE3 /* Build configuration list for PBXNativeTarget "FailedBankCD" */ = {
			isa = XCConfigurationList;
			buildConfigurations = (
				C96F0DA218242313000BADE3 /* Debug */,
				C96F0DA318242313000BADE3 /* Release */,
			);
			defaultConfigurationIsVisible = 0;
		};
		C96F0DA418242313000BADE3 /* Build configuration list for PBXNativeTarget "FailedBankCDTests" */ = {
			isa = XCConfigurationList;
			buildConfigurations = (
				C96F0DA518242313000BADE3 /* Debug */,
				C96F0DA618242313000BADE3 /* Release */,
			);
			defaultConfigurationIsVisible = 0;
		};
/* End XCConfigurationList section */

/* Begin XCVersionGroup section */
		C96F0D8018242313000BADE3 /* FailedBankCD.xcdatamodeld */ = {
			isa = XCVersionGroup;
			children = (
				C96F0D8118242313000BADE3 /* FailedBankCD.xcdatamodel */,
			);
			currentVersion = C96F0D8118242313000BADE3 /* FailedBankCD.xcdatamodel */;
			path = FailedBankCD.xcdatamodeld;
			sourceTree = "<group>";
			versionGroupType = wrapper.xcdatamodel;
		};
/* End XCVersionGroup section */
	};
	rootObject = C96F0D5E18242313000BADE3 /* Project object */;
}
